
Microsoft Visual Studio Solution File, Format Version 12.00
# Visual Studio Version 16
VisualStudioVersion = 16.0.31702.278
MinimumVisualStudioVersion = 10.0.40219.1
Project("{9A19103F-16F7-4668-BE54-9A1E7A4F7556}") = "BlazorWebAsmDemoApp.Server", "BlazorWebAsmDemoApp\Server\BlazorWebAsmDemoApp.Server.csproj", "{EDEAB67D-2A61-4CB7-99FD-F0F02D8CF8E5}"
EndProject
Project("{9A19103F-16F7-4668-BE54-9A1E7A4F7556}") = "BlazorWebAsmDemoApp.Client", "BlazorWebAsmDemoApp\Client\BlazorWebAsmDemoApp.Client.csproj", "{AABD4F46-C0C9-48CE-BB1A-46BB97F6200B}"
EndProject
Project("{9A19103F-16F7-4668-BE54-9A1E7A4F7556}") = "BlazorWebAsmDemoApp.Shared", "BlazorWebAsmDemoApp\Shared\BlazorWebAsmDemoApp.Shared.csproj", "{5362517D-5687-46EF-AFF9-CEBC0380021C}"
EndProject
Global
	GlobalSection(SolutionConfigurationPlatforms) = preSolution
		Debug|Any CPU = Debug|Any CPU
		Release|Any CPU = Release|Any CPU
	EndGlobalSection
	GlobalSection(ProjectConfigurationPlatforms) = postSolution
		{EDEAB67D-2A61-4CB7-99FD-F0F02D8CF8E5}.Debug|Any CPU.ActiveCfg = Debug|Any CPU
		{EDEAB67D-2A61-4CB7-99FD-F0F02D8CF8E5}.Debug|Any CPU.Build.0 = Debug|Any CPU
		{EDEAB67D-2A61-4CB7-99FD-F0F02D8CF8E5}.Release|Any CPU.ActiveCfg = Release|Any CPU
		{EDEAB67D-2A61-4CB7-99FD-F0F02D8CF8E5}.Release|Any CPU.Build.0 = Release|Any CPU
		{AABD4F46-C0C9-48CE-BB1A-46BB97F6200B}.Debug|Any CPU.ActiveCfg = Debug|Any CPU
		{AABD4F46-C0C9-48CE-BB1A-46BB97F6200B}.Debug|Any CPU.Build.0 = Debug|Any CPU
		{AABD4F46-C0C9-48CE-BB1A-46BB97F6200B}.Release|Any CPU.ActiveCfg = Release|Any CPU
		{AABD4F46-C0C9-48CE-BB1A-46BB97F6200B}.Release|Any CPU.Build.0 = Release|Any CPU
		{5362517D-5687-46EF-AFF9-CEBC0380021C}.Debug|Any CPU.ActiveCfg = Debug|Any CPU
		{5362517D-5687-46EF-AFF9-CEBC0380021C}.Debug|Any CPU.Build.0 = Debug|Any CPU
		{5362517D-5687-46EF-AFF9-CEBC0380021C}.Release|Any CPU.ActiveCfg = Release|Any CPU
		{5362517D-5687-46EF-AFF9-CEBC0380021C}.Release|Any CPU.Build.0 = Release|Any CPU
	EndGlobalSection
	GlobalSection(SolutionProperties) = preSolution
		HideSolutionNode = FALSE
	EndGlobalSection
	GlobalSection(ExtensibilityGlobals) = postSolution
		SolutionGuid = {21D20A83-D9E6-4EE8-B03B-793FF7DE462C}
	EndGlobalSection
EndGlobal
