
Microsoft Visual Studio Solution File, Format Version 12.00
# Visual Studio Version 16
VisualStudioVersion = 16.0.31702.278
MinimumVisualStudioVersion = 10.0.40219.1
Project("{FAE04EC0-301F-11D3-BF4B-00C04F79EFBC}") = "EFCFMastek", "EFCFMastek\EFCFMastek.csproj", "{8FBF6CAB-7C3E-43F7-971C-03CCC619DB50}"
EndProject
Global
	GlobalSection(SolutionConfigurationPlatforms) = preSolution
		Debug|Any CPU = Debug|Any CPU
		Release|Any CPU = Release|Any CPU
	EndGlobalSection
	GlobalSection(ProjectConfigurationPlatforms) = postSolution
		{8FBF6CAB-7C3E-43F7-971C-03CCC619DB50}.Debug|Any CPU.ActiveCfg = Debug|Any CPU
		{8FBF6CAB-7C3E-43F7-971C-03CCC619DB50}.Debug|Any CPU.Build.0 = Debug|Any CPU
		{8FBF6CAB-7C3E-43F7-971C-03CCC619DB50}.Release|Any CPU.ActiveCfg = Release|Any CPU
		{8FBF6CAB-7C3E-43F7-971C-03CCC619DB50}.Release|Any CPU.Build.0 = Release|Any CPU
	EndGlobalSection
	GlobalSection(SolutionProperties) = preSolution
		HideSolutionNode = FALSE
	EndGlobalSection
	GlobalSection(ExtensibilityGlobals) = postSolution
		SolutionGuid = {7466B412-5988-4BEC-BA47-7511E33AA2BD}
	EndGlobalSection
EndGlobal
