
Microsoft Visual Studio Solution File, Format Version 12.00
# Visual Studio Version 16
VisualStudioVersion = 16.0.31702.278
MinimumVisualStudioVersion = 10.0.40219.1
Project("{FAE04EC0-301F-11D3-BF4B-00C04F79EFBC}") = "MVCDemoAppMastek", "MVCDemoAppMastek\MVCDemoAppMastek.csproj", "{92033C0B-3D37-451F-A5A5-FA1DBB1B16B3}"
EndProject
Global
	GlobalSection(SolutionConfigurationPlatforms) = preSolution
		Debug|Any CPU = Debug|Any CPU
		Release|Any CPU = Release|Any CPU
	EndGlobalSection
	GlobalSection(ProjectConfigurationPlatforms) = postSolution
		{92033C0B-3D37-451F-A5A5-FA1DBB1B16B3}.Debug|Any CPU.ActiveCfg = Debug|Any CPU
		{92033C0B-3D37-451F-A5A5-FA1DBB1B16B3}.Debug|Any CPU.Build.0 = Debug|Any CPU
		{92033C0B-3D37-451F-A5A5-FA1DBB1B16B3}.Release|Any CPU.ActiveCfg = Release|Any CPU
		{92033C0B-3D37-451F-A5A5-FA1DBB1B16B3}.Release|Any CPU.Build.0 = Release|Any CPU
	EndGlobalSection
	GlobalSection(SolutionProperties) = preSolution
		HideSolutionNode = FALSE
	EndGlobalSection
	GlobalSection(ExtensibilityGlobals) = postSolution
		SolutionGuid = {BA532A99-43E8-41B9-8A2D-F93FEB0424F5}
	EndGlobalSection
EndGlobal
