
Microsoft Visual Studio Solution File, Format Version 12.00
# Visual Studio Version 16
VisualStudioVersion = 16.0.31702.278
MinimumVisualStudioVersion = 10.0.40219.1
Project("{FAE04EC0-301F-11D3-BF4B-00C04F79EFBC}") = "SBIAPP", "SBIAPP\SBIAPP.csproj", "{EB36DD36-5BAD-43CE-B483-91578248CAC0}"
EndProject
Project("{9A19103F-16F7-4668-BE54-9A1E7A4F7556}") = "BankLibrary", "..\BankLibrary\BankLibrary\BankLibrary.csproj", "{D9AD4D62-9206-4EB9-ACB6-CFD419B5D112}"
EndProject
Global
	GlobalSection(SolutionConfigurationPlatforms) = preSolution
		Debug|Any CPU = Debug|Any CPU
		Release|Any CPU = Release|Any CPU
	EndGlobalSection
	GlobalSection(ProjectConfigurationPlatforms) = postSolution
		{EB36DD36-5BAD-43CE-B483-91578248CAC0}.Debug|Any CPU.ActiveCfg = Debug|Any CPU
		{EB36DD36-5BAD-43CE-B483-91578248CAC0}.Debug|Any CPU.Build.0 = Debug|Any CPU
		{EB36DD36-5BAD-43CE-B483-91578248CAC0}.Release|Any CPU.ActiveCfg = Release|Any CPU
		{EB36DD36-5BAD-43CE-B483-91578248CAC0}.Release|Any CPU.Build.0 = Release|Any CPU
		{D9AD4D62-9206-4EB9-ACB6-CFD419B5D112}.Debug|Any CPU.ActiveCfg = Debug|Any CPU
		{D9AD4D62-9206-4EB9-ACB6-CFD419B5D112}.Debug|Any CPU.Build.0 = Debug|Any CPU
		{D9AD4D62-9206-4EB9-ACB6-CFD419B5D112}.Release|Any CPU.ActiveCfg = Release|Any CPU
		{D9AD4D62-9206-4EB9-ACB6-CFD419B5D112}.Release|Any CPU.Build.0 = Release|Any CPU
	EndGlobalSection
	GlobalSection(SolutionProperties) = preSolution
		HideSolutionNode = FALSE
	EndGlobalSection
	GlobalSection(ExtensibilityGlobals) = postSolution
		SolutionGuid = {FEB938EC-5DF5-48EF-AB0C-ACF34A8C6255}
	EndGlobalSection
EndGlobal
